// !$*UTF8*$!
{
	archiveVersion = 1;
	classes = {
	};
	objectVersion = 71;
	objects = {

/* Begin PBXBuildFile section */
		3E232CC83018715C003E5C26 /* Assets.xcassets in Resources */ = {isa = PBXBuildFile; fileRef = 3E232CC73018715C003E5C26 /* Assets.xcassets */; };
		3E232CCC30187209003E5C26 /* VowbaseIcon.icon in Resources */ = {isa = PBXBuildFile; fileRef = 3E232CCB30187209003E5C26 /* VowbaseIcon.icon */; };
		A1B2C3D4E5F6000000000001 /* VowbaseApp.swift in Sources */ = {isa = PBXBuildFile; fileRef = A1B2C3D4E5F6000000000011 /* VowbaseApp.swift */; };
		A1B2C3D4E5F6000000000002 /* ContentView.swift in Sources */ = {isa = PBXBuildFile; fileRef = A1B2C3D4E5F6000000000012 /* ContentView.swift */; };
		DAA3B4C5D6E7000000000001 /* AppTab.swift in Sources */ = {isa = PBXBuildFile; fileRef = DAA3B4C5D6E7000000000011 /* AppTab.swift */; };
		DAA3B4C5D6E7000000000002 /* AppNavigationModel.swift in Sources */ = {isa = PBXBuildFile; fileRef = DAA3B4C5D6E7000000000012 /* AppNavigationModel.swift */; };
		DAA3B4C5D6E7000000000003 /* VowbaseTheme.swift in Sources */ = {isa = PBXBuildFile; fileRef = DAA3B4C5D6E7000000000013 /* VowbaseTheme.swift */; };
		DAA3B4C5D6E7000000000004 /* VowbaseTypography.swift in Sources */ = {isa = PBXBuildFile; fileRef = DAA3B4C5D6E7000000000014 /* VowbaseTypography.swift */; };
		DAA3B4C5D6E7000000000005 /* VowbaseMetrics.swift in Sources */ = {isa = PBXBuildFile; fileRef = DAA3B4C5D6E7000000000015 /* VowbaseMetrics.swift */; };
		DAA3B4C5D6E7000000000006 /* VowbaseComponents.swift in Sources */ = {isa = PBXBuildFile; fileRef = DAA3B4C5D6E7000000000016 /* VowbaseComponents.swift */; };
		DAA3B4C5D6E7000000000007 /* QuickAddFAB.swift in Sources */ = {isa = PBXBuildFile; fileRef = DAA3B4C5D6E7000000000017 /* QuickAddFAB.swift */; };
		A1B2C3D4E5F60000000000C1 /* AuthenticationView.swift in Sources */ = {isa = PBXBuildFile; fileRef = A1B2C3D4E5F60000000000D1 /* AuthenticationView.swift */; };
		A1B2C3D4E5F6000000000003 /* Supabase in Frameworks */ = {isa = PBXBuildFile; productRef = A1B2C3D4E5F60000000000B1 /* Supabase */; };
		A1B2C3D4E5F6000000000004 /* VowbaseTests.swift in Sources */ = {isa = PBXBuildFile; fileRef = A1B2C3D4E5F6000000000014 /* VowbaseTests.swift */; };
		A1B2C3D4E5F6000000000022 /* GuestFieldEditingTests.swift in Sources */ = {isa = PBXBuildFile; fileRef = A1B2C3D4E5F6000000000023 /* GuestFieldEditingTests.swift */; };
		A1B2C3D4E5F6000000000005 /* AppConfigurationTests.swift in Sources */ = {isa = PBXBuildFile; fileRef = A1B2C3D4E5F6000000000015 /* AppConfigurationTests.swift */; };
		A1B2C3D4E5F6000000000006 /* AppConfiguration.swift in Sources */ = {isa = PBXBuildFile; fileRef = A1B2C3D4E5F6000000000016 /* AppConfiguration.swift */; };
		A1B2C3D4E5F6000000000007 /* BackendErrorTests.swift in Sources */ = {isa = PBXBuildFile; fileRef = A1B2C3D4E5F600000000001B /* BackendErrorTests.swift */; };
		A1B2C3D4E5F6000000000008 /* error-wedding-forbidden.json in Resources */ = {isa = PBXBuildFile; fileRef = A1B2C3D4E5F600000000001C /* error-wedding-forbidden.json */; };
		A1B2C3D4E5F6000000000009 /* APIErrorEnvelope.swift in Sources */ = {isa = PBXBuildFile; fileRef = A1B2C3D4E5F600000000001D /* APIErrorEnvelope.swift */; };
		A1B2C3D4E5F600000000000A /* BackendError.swift in Sources */ = {isa = PBXBuildFile; fileRef = A1B2C3D4E5F600000000001E /* BackendError.swift */; };
		A1B2C3D4E5F600000000000B /* AuthServiceTests.swift in Sources */ = {isa = PBXBuildFile; fileRef = A1B2C3D4E5F600000000001F /* AuthServiceTests.swift */; };
		B1C2D3E4F5A6000000000001 /* SupabaseProvider.swift in Sources */ = {isa = PBXBuildFile; fileRef = B1C2D3E4F5A6000000000011 /* SupabaseProvider.swift */; };
		B1C2D3E4F5A6000000000002 /* AuthServicing.swift in Sources */ = {isa = PBXBuildFile; fileRef = B1C2D3E4F5A6000000000012 /* AuthServicing.swift */; };
		B1C2D3E4F5A6000000000003 /* AuthService.swift in Sources */ = {isa = PBXBuildFile; fileRef = B1C2D3E4F5A6000000000013 /* AuthService.swift */; };
		BAA3B4C5D6E7000000000001 /* Features/Venues/VenueResearchModels.swift in Sources */ = {isa = PBXBuildFile; fileRef = BAA3B4C5D6E7000000000011 /* Features/Venues/VenueResearchModels.swift */; };
		BAA3B4C5D6E7000000000002 /* Features/Venues/VenueResearchRepository.swift in Sources */ = {isa = PBXBuildFile; fileRef = BAA3B4C5D6E7000000000012 /* Features/Venues/VenueResearchRepository.swift */; };
		BAA3B4C5D6E7000000000003 /* Features/Venues/APIVenueResearchRepository.swift in Sources */ = {isa = PBXBuildFile; fileRef = BAA3B4C5D6E7000000000013 /* Features/Venues/APIVenueResearchRepository.swift */; };
		BAA3B4C5D6E7000000000004 /* Features/Venues/VenuePhotoService.swift in Sources */ = {isa = PBXBuildFile; fileRef = BAA3B4C5D6E7000000000014 /* Features/Venues/VenuePhotoService.swift */; };
		BAA3B4C5D6E7000000000005 /* VenueResearchRepositoryTests.swift in Sources */ = {isa = PBXBuildFile; fileRef = BAA3B4C5D6E7000000000015 /* VenueResearchRepositoryTests.swift */; };
		BAA3B4C5D6E7000000000006 /* VenuePhotoServiceTests.swift in Sources */ = {isa = PBXBuildFile; fileRef = BAA3B4C5D6E7000000000016 /* VenuePhotoServiceTests.swift */; };
		BAA3B4C5D6E7000000000007 /* venue-research-run.json in Resources */ = {isa = PBXBuildFile; fileRef = BAA3B4C5D6E7000000000017 /* venue-research-run.json */; };
		C1D2E3F4A5B6000000000001 /* APIRequest.swift in Sources */ = {isa = PBXBuildFile; fileRef = C1D2E3F4A5B6000000000011 /* APIRequest.swift */; };
		C1D2E3F4A5B6000000000002 /* VowbaseAPIClient.swift in Sources */ = {isa = PBXBuildFile; fileRef = C1D2E3F4A5B6000000000012 /* VowbaseAPIClient.swift */; };
		C1D2E3F4A5B6000000000003 /* URLProtocolStub.swift in Sources */ = {isa = PBXBuildFile; fileRef = C1D2E3F4A5B6000000000013 /* URLProtocolStub.swift */; };
		C1D2E3F4A5B6000000000004 /* VowbaseAPIClientTests.swift in Sources */ = {isa = PBXBuildFile; fileRef = C1D2E3F4A5B6000000000014 /* VowbaseAPIClientTests.swift */; };
		D1E2F3A4B5C6000000000001 /* AppDependenciesTests.swift in Sources */ = {isa = PBXBuildFile; fileRef = D1E2F3A4B5C6000000000011 /* AppDependenciesTests.swift */; };
		D1E2F3A4B5C6000000000002 /* AppDependencies.swift in Sources */ = {isa = PBXBuildFile; fileRef = D1E2F3A4B5C6000000000012 /* AppDependencies.swift */; };
		D1E2F3A4B5C6000000000003 /* AuthCallbackHandler.swift in Sources */ = {isa = PBXBuildFile; fileRef = D1E2F3A4B5C6000000000013 /* AuthCallbackHandler.swift */; };
		E1F2A3B4C5D6000000000001 /* DatabaseDecodingTests.swift in Sources */ = {isa = PBXBuildFile; fileRef = E1F2A3B4C5D6000000000011 /* DatabaseDecodingTests.swift */; };
		E1F2A3B4C5D6000000000002 /* workspace-membership.json in Resources */ = {isa = PBXBuildFile; fileRef = E1F2A3B4C5D6000000000012 /* workspace-membership.json */; };
		E1F2A3B4C5D6000000000003 /* JSONValue.swift in Sources */ = {isa = PBXBuildFile; fileRef = E1F2A3B4C5D6000000000013 /* JSONValue.swift */; };
		E1F2A3B4C5D6000000000004 /* DatabaseDecoding.swift in Sources */ = {isa = PBXBuildFile; fileRef = E1F2A3B4C5D6000000000014 /* DatabaseDecoding.swift */; };
		F2A3B4C5D6E7000000000001 /* WorkspaceModels.swift in Sources */ = {isa = PBXBuildFile; fileRef = F2A3B4C5D6E7000000000011 /* WorkspaceModels.swift */; };
		F2A3B4C5D6E7000000000002 /* WorkspaceRepository.swift in Sources */ = {isa = PBXBuildFile; fileRef = F2A3B4C5D6E7000000000012 /* WorkspaceRepository.swift */; };
		F2A3B4C5D6E7000000000003 /* SupabaseWorkspaceRepository.swift in Sources */ = {isa = PBXBuildFile; fileRef = F2A3B4C5D6E7000000000013 /* SupabaseWorkspaceRepository.swift */; };
		F2A3B4C5D6E7000000000004 /* WorkspaceRepositoryTests.swift in Sources */ = {isa = PBXBuildFile; fileRef = F2A3B4C5D6E7000000000014 /* WorkspaceRepositoryTests.swift */; };
		F2A3B4C5D6E7000000000005 /* session-summary.json in Resources */ = {isa = PBXBuildFile; fileRef = F2A3B4C5D6E7000000000015 /* session-summary.json */; };
		F2A3B4C5D6E7000000000006 /* WorkspaceRepositoryIntegrationTests.swift in Sources */ = {isa = PBXBuildFile; fileRef = F2A3B4C5D6E7000000000016 /* WorkspaceRepositoryIntegrationTests.swift */; };
		F3A3B4C5D6E7000000000001 /* ProfileModels.swift in Sources */ = {isa = PBXBuildFile; fileRef = F3A3B4C5D6E7000000000011 /* ProfileModels.swift */; };
		F3A3B4C5D6E7000000000002 /* ProfileRepository.swift in Sources */ = {isa = PBXBuildFile; fileRef = F3A3B4C5D6E7000000000012 /* ProfileRepository.swift */; };
		F3A3B4C5D6E7000000000003 /* SupabaseProfileRepository.swift in Sources */ = {isa = PBXBuildFile; fileRef = F3A3B4C5D6E7000000000013 /* SupabaseProfileRepository.swift */; };
		F3A3B4C5D6E7000000000004 /* InvitationModels.swift in Sources */ = {isa = PBXBuildFile; fileRef = F3A3B4C5D6E7000000000014 /* InvitationModels.swift */; };
		F3A3B4C5D6E7000000000005 /* InvitationRepository.swift in Sources */ = {isa = PBXBuildFile; fileRef = F3A3B4C5D6E7000000000015 /* InvitationRepository.swift */; };
		F3A3B4C5D6E7000000000006 /* SupabaseInvitationRepository.swift in Sources */ = {isa = PBXBuildFile; fileRef = F3A3B4C5D6E7000000000016 /* SupabaseInvitationRepository.swift */; };
		F3A3B4C5D6E7000000000007 /* ProfileInvitationRepositoryTests.swift in Sources */ = {isa = PBXBuildFile; fileRef = F3A3B4C5D6E7000000000017 /* ProfileInvitationRepositoryTests.swift */; };
		F4A3B4C5D6E7000000000001 /* GuestModels.swift in Sources */ = {isa = PBXBuildFile; fileRef = F4A3B4C5D6E7000000000011 /* GuestModels.swift */; };
		F4A3B4C5D6E7000000000002 /* GuestRepository.swift in Sources */ = {isa = PBXBuildFile; fileRef = F4A3B4C5D6E7000000000012 /* GuestRepository.swift */; };
		F4A3B4C5D6E7000000000003 /* SupabaseGuestRepository.swift in Sources */ = {isa = PBXBuildFile; fileRef = F4A3B4C5D6E7000000000013 /* SupabaseGuestRepository.swift */; };
		F4A3B4C5D6E7000000000005 /* GuestFieldEditing.swift in Sources */ = {isa = PBXBuildFile; fileRef = F4A3B4C5D6E7000000000015 /* GuestFieldEditing.swift */; };
		F4A3B4C5D6E7000000000004 /* GuestRepositoryTests.swift in Sources */ = {isa = PBXBuildFile; fileRef = F4A3B4C5D6E7000000000014 /* GuestRepositoryTests.swift */; };
		F5A3B4C5D6E7000000000001 /* DomainRepositorySupport.swift in Sources */ = {isa = PBXBuildFile; fileRef = F5A3B4C5D6E7000000000011 /* DomainRepositorySupport.swift */; };
		F5A3B4C5D6E7000000000003 /* Features/Schedule/ScheduleModels.swift in Sources */ = {isa = PBXBuildFile; fileRef = F5A3B4C5D6E7000000000013 /* Features/Schedule/ScheduleModels.swift */; };
		F5A3B4C5D6E7000000000004 /* Features/Schedule/ScheduleRepository.swift in Sources */ = {isa = PBXBuildFile; fileRef = F5A3B4C5D6E7000000000014 /* Features/Schedule/ScheduleRepository.swift */; };
		F5A3B4C5D6E7000000000005 /* Features/Schedule/SupabaseScheduleRepository.swift in Sources */ = {isa = PBXBuildFile; fileRef = F5A3B4C5D6E7000000000015 /* Features/Schedule/SupabaseScheduleRepository.swift */; };
		F5A3B4C5D6E7000000000006 /* Features/Tasks/TaskModels.swift in Sources */ = {isa = PBXBuildFile; fileRef = F5A3B4C5D6E7000000000016 /* Features/Tasks/TaskModels.swift */; };
		F5A3B4C5D6E7000000000007 /* Features/Tasks/TaskRepository.swift in Sources */ = {isa = PBXBuildFile; fileRef = F5A3B4C5D6E7000000000017 /* Features/Tasks/TaskRepository.swift */; };
		F5A3B4C5D6E7000000000008 /* Features/Tasks/SupabaseTaskRepository.swift in Sources */ = {isa = PBXBuildFile; fileRef = F5A3B4C5D6E7000000000018 /* Features/Tasks/SupabaseTaskRepository.swift */; };
		F6A3B4C5D6E7000000000001 /* Features/Vendors/VendorModels.swift in Sources */ = {isa = PBXBuildFile; fileRef = F6A3B4C5D6E7000000000011 /* Features/Vendors/VendorModels.swift */; };
		F6A3B4C5D6E7000000000002 /* Features/Vendors/VendorRepository.swift in Sources */ = {isa = PBXBuildFile; fileRef = F6A3B4C5D6E7000000000012 /* Features/Vendors/VendorRepository.swift */; };
		F6A3B4C5D6E7000000000003 /* Features/Vendors/SupabaseVendorRepository.swift in Sources */ = {isa = PBXBuildFile; fileRef = F6A3B4C5D6E7000000000013 /* Features/Vendors/SupabaseVendorRepository.swift */; };
		F6A3B4C5D6E7000000000004 /* Features/Budget/BudgetModels.swift in Sources */ = {isa = PBXBuildFile; fileRef = F6A3B4C5D6E7000000000014 /* Features/Budget/BudgetModels.swift */; };
		F6A3B4C5D6E7000000000005 /* Features/Budget/BudgetRepository.swift in Sources */ = {isa = PBXBuildFile; fileRef = F6A3B4C5D6E7000000000015 /* Features/Budget/BudgetRepository.swift */; };
		F6A3B4C5D6E7000000000006 /* Features/Budget/SupabaseBudgetRepository.swift in Sources */ = {isa = PBXBuildFile; fileRef = F6A3B4C5D6E7000000000016 /* Features/Budget/SupabaseBudgetRepository.swift */; };
		F6A3B4C5D6E7000000000007 /* Features/Venues/VenueModels.swift in Sources */ = {isa = PBXBuildFile; fileRef = F6A3B4C5D6E7000000000017 /* Features/Venues/VenueModels.swift */; };
		F6A3B4C5D6E7000000000008 /* Features/Venues/VenueRepository.swift in Sources */ = {isa = PBXBuildFile; fileRef = F6A3B4C5D6E7000000000018 /* Features/Venues/VenueRepository.swift */; };
		F6A3B4C5D6E7000000000009 /* Features/Venues/SupabaseVenueRepository.swift in Sources */ = {isa = PBXBuildFile; fileRef = F6A3B4C5D6E7000000000019 /* Features/Venues/SupabaseVenueRepository.swift */; };
		F7A3B4C5D6E7000000000001 /* InspirationModels.swift in Sources */ = {isa = PBXBuildFile; fileRef = F7A3B4C5D6E7000000000011 /* InspirationModels.swift */; };
		F7A3B4C5D6E7000000000002 /* InspirationRepository.swift in Sources */ = {isa = PBXBuildFile; fileRef = F7A3B4C5D6E7000000000012 /* InspirationRepository.swift */; };
		F7A3B4C5D6E7000000000003 /* SupabaseInspirationRepository.swift in Sources */ = {isa = PBXBuildFile; fileRef = F7A3B4C5D6E7000000000013 /* SupabaseInspirationRepository.swift */; };
		F7A3B4C5D6E7000000000004 /* AttachmentModels.swift in Sources */ = {isa = PBXBuildFile; fileRef = F7A3B4C5D6E7000000000014 /* AttachmentModels.swift */; };
		F7A3B4C5D6E7000000000005 /* AttachmentRepository.swift in Sources */ = {isa = PBXBuildFile; fileRef = F7A3B4C5D6E7000000000015 /* AttachmentRepository.swift */; };
		F7A3B4C5D6E7000000000006 /* SupabaseAttachmentRepository.swift in Sources */ = {isa = PBXBuildFile; fileRef = F7A3B4C5D6E7000000000016 /* SupabaseAttachmentRepository.swift */; };
		F7A3B4C5D6E7000000000007 /* InspirationAttachmentRepositoryTests.swift in Sources */ = {isa = PBXBuildFile; fileRef = F7A3B4C5D6E7000000000017 /* InspirationAttachmentRepositoryTests.swift */; };
		F8A3B4C5D6E7000000000001 /* ScheduleTaskRepositoryTests.swift in Sources */ = {isa = PBXBuildFile; fileRef = F8A3B4C5D6E7000000000011 /* ScheduleTaskRepositoryTests.swift */; };
		F8A3B4C5D6E7000000000002 /* VendorBudgetVenueRepositoryTests.swift in Sources */ = {isa = PBXBuildFile; fileRef = F8A3B4C5D6E7000000000012 /* VendorBudgetVenueRepositoryTests.swift */; };
		F9A3B4C5D6E7000000000001 /* RepositoryContainer.swift in Sources */ = {isa = PBXBuildFile; fileRef = F9A3B4C5D6E7000000000011 /* RepositoryContainer.swift */; };
		F9A3B4C5D6E7000000000002 /* RepositoryContainerTests.swift in Sources */ = {isa = PBXBuildFile; fileRef = F9A3B4C5D6E7000000000012 /* RepositoryContainerTests.swift */; };
		FAA3B4C5D6E7000000000001 /* MapWorkflowModels.swift in Sources */ = {isa = PBXBuildFile; fileRef = FAA3B4C5D6E7000000000011 /* MapWorkflowModels.swift */; };
		FAA3B4C5D6E7000000000002 /* MapWorkflowRepository.swift in Sources */ = {isa = PBXBuildFile; fileRef = FAA3B4C5D6E7000000000012 /* MapWorkflowRepository.swift */; };
		FAA3B4C5D6E7000000000003 /* APIMapWorkflowRepository.swift in Sources */ = {isa = PBXBuildFile; fileRef = FAA3B4C5D6E7000000000013 /* APIMapWorkflowRepository.swift */; };
		FAA3B4C5D6E7000000000004 /* MapWorkflowRepositoryTests.swift in Sources */ = {isa = PBXBuildFile; fileRef = FAA3B4C5D6E7000000000014 /* MapWorkflowRepositoryTests.swift */; };
		FAA3B4C5D6E7000000000005 /* geocode-response.json in Resources */ = {isa = PBXBuildFile; fileRef = FAA3B4C5D6E7000000000015 /* geocode-response.json */; };
		FAA3B4C5D6E7000000000006 /* travel-times-response.json in Resources */ = {isa = PBXBuildFile; fileRef = FAA3B4C5D6E7000000000016 /* travel-times-response.json */; };
/* End PBXBuildFile section */

/* Begin PBXContainerItemProxy section */
		A1B2C3D4E5F60000000000A0 /* PBXContainerItemProxy */ = {
			isa = PBXContainerItemProxy;
			containerPortal = A1B2C3D4E5F6000000000070 /* Project object */;
			proxyType = 1;
			remoteGlobalIDString = A1B2C3D4E5F6000000000040;
			remoteInfo = Vowbase;
		};
/* End PBXContainerItemProxy section */

/* Begin PBXFileReference section */
		3E232CC73018715C003E5C26 /* Assets.xcassets */ = {isa = PBXFileReference; lastKnownFileType = folder.assetcatalog; path = Assets.xcassets; sourceTree = "<group>"; };
		3E232CCB30187209003E5C26 /* VowbaseIcon.icon */ = {isa = PBXFileReference; lastKnownFileType = folder.iconcomposer.icon; path = VowbaseIcon.icon; sourceTree = "<group>"; };
		A1B2C3D4E5F6000000000010 /* Vowbase.app */ = {isa = PBXFileReference; explicitFileType = wrapper.application; includeInIndex = 0; path = Vowbase.app; sourceTree = BUILT_PRODUCTS_DIR; };
		A1B2C3D4E5F6000000000011 /* VowbaseApp.swift */ = {isa = PBXFileReference; lastKnownFileType = sourcecode.swift; path = VowbaseApp.swift; sourceTree = "<group>"; };
		A1B2C3D4E5F6000000000012 /* ContentView.swift */ = {isa = PBXFileReference; lastKnownFileType = sourcecode.swift; path = ContentView.swift; sourceTree = "<group>"; };
		DAA3B4C5D6E7000000000011 /* AppTab.swift */ = {isa = PBXFileReference; lastKnownFileType = sourcecode.swift; path = AppTab.swift; sourceTree = "<group>"; };
		DAA3B4C5D6E7000000000012 /* AppNavigationModel.swift */ = {isa = PBXFileReference; lastKnownFileType = sourcecode.swift; path = AppNavigationModel.swift; sourceTree = "<group>"; };
		DAA3B4C5D6E7000000000013 /* VowbaseTheme.swift */ = {isa = PBXFileReference; lastKnownFileType = sourcecode.swift; path = VowbaseTheme.swift; sourceTree = "<group>"; };
		DAA3B4C5D6E7000000000014 /* VowbaseTypography.swift */ = {isa = PBXFileReference; lastKnownFileType = sourcecode.swift; path = VowbaseTypography.swift; sourceTree = "<group>"; };
		DAA3B4C5D6E7000000000015 /* VowbaseMetrics.swift */ = {isa = PBXFileReference; lastKnownFileType = sourcecode.swift; path = VowbaseMetrics.swift; sourceTree = "<group>"; };
		DAA3B4C5D6E7000000000016 /* VowbaseComponents.swift */ = {isa = PBXFileReference; lastKnownFileType = sourcecode.swift; path = VowbaseComponents.swift; sourceTree = "<group>"; };
		DAA3B4C5D6E7000000000017 /* QuickAddFAB.swift */ = {isa = PBXFileReference; lastKnownFileType = sourcecode.swift; path = Components/QuickAddFAB.swift; sourceTree = "<group>"; };
		A1B2C3D4E5F60000000000D1 /* AuthenticationView.swift */ = {isa = PBXFileReference; lastKnownFileType = sourcecode.swift; path = AuthenticationView.swift; sourceTree = "<group>"; };
		A1B2C3D4E5F60000000000D2 /* Vowbase.entitlements */ = {isa = PBXFileReference; lastKnownFileType = text.plist.entitlements; path = Vowbase.entitlements; sourceTree = "<group>"; };
		A1B2C3D4E5F6000000000013 /* VowbaseTests.xctest */ = {isa = PBXFileReference; explicitFileType = wrapper.cfbundle; includeInIndex = 0; path = VowbaseTests.xctest; sourceTree = BUILT_PRODUCTS_DIR; };
		A1B2C3D4E5F6000000000014 /* VowbaseTests.swift */ = {isa = PBXFileReference; lastKnownFileType = sourcecode.swift; path = VowbaseTests.swift; sourceTree = "<group>"; };
		A1B2C3D4E5F6000000000023 /* GuestFieldEditingTests.swift */ = {isa = PBXFileReference; lastKnownFileType = sourcecode.swift; path = GuestFieldEditingTests.swift; sourceTree = "<group>"; };
		A1B2C3D4E5F6000000000015 /* AppConfigurationTests.swift */ = {isa = PBXFileReference; lastKnownFileType = sourcecode.swift; path = AppConfigurationTests.swift; sourceTree = "<group>"; };
		A1B2C3D4E5F6000000000016 /* AppConfiguration.swift */ = {isa = PBXFileReference; lastKnownFileType = sourcecode.swift; path = AppConfiguration.swift; sourceTree = "<group>"; };
		A1B2C3D4E5F6000000000017 /* Debug.xcconfig */ = {isa = PBXFileReference; lastKnownFileType = text.xcconfig; path = Debug.xcconfig; sourceTree = "<group>"; };
		A1B2C3D4E5F6000000000018 /* Release.xcconfig */ = {isa = PBXFileReference; lastKnownFileType = text.xcconfig; path = Release.xcconfig; sourceTree = "<group>"; };
		A1B2C3D4E5F6000000000019 /* Local.xcconfig.example */ = {isa = PBXFileReference; lastKnownFileType = text.xcconfig; path = Local.xcconfig.example; sourceTree = "<group>"; };
		A1B2C3D4E5F600000000001A /* Info.plist */ = {isa = PBXFileReference; lastKnownFileType = text.plist.xml; path = Info.plist; sourceTree = "<group>"; };
		A1B2C3D4E5F600000000001B /* BackendErrorTests.swift */ = {isa = PBXFileReference; lastKnownFileType = sourcecode.swift; path = BackendErrorTests.swift; sourceTree = "<group>"; };
		A1B2C3D4E5F600000000001C /* error-wedding-forbidden.json */ = {isa = PBXFileReference; lastKnownFileType = text.json; path = "error-wedding-forbidden.json"; sourceTree = "<group>"; };
		A1B2C3D4E5F600000000001D /* APIErrorEnvelope.swift */ = {isa = PBXFileReference; lastKnownFileType = sourcecode.swift; path = APIErrorEnvelope.swift; sourceTree = "<group>"; };
		A1B2C3D4E5F600000000001E /* BackendError.swift */ = {isa = PBXFileReference; lastKnownFileType = sourcecode.swift; path = BackendError.swift; sourceTree = "<group>"; };
		A1B2C3D4E5F600000000001F /* AuthServiceTests.swift */ = {isa = PBXFileReference; lastKnownFileType = sourcecode.swift; path = AuthServiceTests.swift; sourceTree = "<group>"; };
		B1C2D3E4F5A6000000000011 /* SupabaseProvider.swift */ = {isa = PBXFileReference; lastKnownFileType = sourcecode.swift; path = SupabaseProvider.swift; sourceTree = "<group>"; };
		B1C2D3E4F5A6000000000012 /* AuthServicing.swift */ = {isa = PBXFileReference; lastKnownFileType = sourcecode.swift; path = AuthServicing.swift; sourceTree = "<group>"; };
		B1C2D3E4F5A6000000000013 /* AuthService.swift */ = {isa = PBXFileReference; lastKnownFileType = sourcecode.swift; path = AuthService.swift; sourceTree = "<group>"; };
		BAA3B4C5D6E7000000000011 /* Features/Venues/VenueResearchModels.swift */ = {isa = PBXFileReference; lastKnownFileType = sourcecode.swift; path = Features/Venues/VenueResearchModels.swift; sourceTree = "<group>"; };
		BAA3B4C5D6E7000000000012 /* Features/Venues/VenueResearchRepository.swift */ = {isa = PBXFileReference; lastKnownFileType = sourcecode.swift; path = Features/Venues/VenueResearchRepository.swift; sourceTree = "<group>"; };
		BAA3B4C5D6E7000000000013 /* Features/Venues/APIVenueResearchRepository.swift */ = {isa = PBXFileReference; lastKnownFileType = sourcecode.swift; path = Features/Venues/APIVenueResearchRepository.swift; sourceTree = "<group>"; };
		BAA3B4C5D6E7000000000014 /* Features/Venues/VenuePhotoService.swift */ = {isa = PBXFileReference; lastKnownFileType = sourcecode.swift; path = Features/Venues/VenuePhotoService.swift; sourceTree = "<group>"; };
		BAA3B4C5D6E7000000000015 /* VenueResearchRepositoryTests.swift */ = {isa = PBXFileReference; lastKnownFileType = sourcecode.swift; path = VenueResearchRepositoryTests.swift; sourceTree = "<group>"; };
		BAA3B4C5D6E7000000000016 /* VenuePhotoServiceTests.swift */ = {isa = PBXFileReference; lastKnownFileType = sourcecode.swift; path = VenuePhotoServiceTests.swift; sourceTree = "<group>"; };
		BAA3B4C5D6E7000000000017 /* venue-research-run.json */ = {isa = PBXFileReference; lastKnownFileType = text.json; path = "venue-research-run.json"; sourceTree = "<group>"; };
		C1D2E3F4A5B6000000000011 /* APIRequest.swift */ = {isa = PBXFileReference; lastKnownFileType = sourcecode.swift; path = APIRequest.swift; sourceTree = "<group>"; };
		C1D2E3F4A5B6000000000012 /* VowbaseAPIClient.swift */ = {isa = PBXFileReference; lastKnownFileType = sourcecode.swift; path = VowbaseAPIClient.swift; sourceTree = "<group>"; };
		C1D2E3F4A5B6000000000013 /* URLProtocolStub.swift */ = {isa = PBXFileReference; lastKnownFileType = sourcecode.swift; path = URLProtocolStub.swift; sourceTree = "<group>"; };
		C1D2E3F4A5B6000000000014 /* VowbaseAPIClientTests.swift */ = {isa = PBXFileReference; lastKnownFileType = sourcecode.swift; path = VowbaseAPIClientTests.swift; sourceTree = "<group>"; };
		D1E2F3A4B5C6000000000011 /* AppDependenciesTests.swift */ = {isa = PBXFileReference; lastKnownFileType = sourcecode.swift; path = AppDependenciesTests.swift; sourceTree = "<group>"; };
		D1E2F3A4B5C6000000000012 /* AppDependencies.swift */ = {isa = PBXFileReference; lastKnownFileType = sourcecode.swift; path = AppDependencies.swift; sourceTree = "<group>"; };
		D1E2F3A4B5C6000000000013 /* AuthCallbackHandler.swift */ = {isa = PBXFileReference; lastKnownFileType = sourcecode.swift; path = AuthCallbackHandler.swift; sourceTree = "<group>"; };
		E1F2A3B4C5D6000000000011 /* DatabaseDecodingTests.swift */ = {isa = PBXFileReference; lastKnownFileType = sourcecode.swift; path = DatabaseDecodingTests.swift; sourceTree = "<group>"; };
		E1F2A3B4C5D6000000000012 /* workspace-membership.json */ = {isa = PBXFileReference; lastKnownFileType = text.json; path = "workspace-membership.json"; sourceTree = "<group>"; };
		E1F2A3B4C5D6000000000013 /* JSONValue.swift */ = {isa = PBXFileReference; lastKnownFileType = sourcecode.swift; path = JSONValue.swift; sourceTree = "<group>"; };
		E1F2A3B4C5D6000000000014 /* DatabaseDecoding.swift */ = {isa = PBXFileReference; lastKnownFileType = sourcecode.swift; path = DatabaseDecoding.swift; sourceTree = "<group>"; };
		F2A3B4C5D6E7000000000011 /* WorkspaceModels.swift */ = {isa = PBXFileReference; lastKnownFileType = sourcecode.swift; path = WorkspaceModels.swift; sourceTree = "<group>"; };
		F2A3B4C5D6E7000000000012 /* WorkspaceRepository.swift */ = {isa = PBXFileReference; lastKnownFileType = sourcecode.swift; path = WorkspaceRepository.swift; sourceTree = "<group>"; };
		F2A3B4C5D6E7000000000013 /* SupabaseWorkspaceRepository.swift */ = {isa = PBXFileReference; lastKnownFileType = sourcecode.swift; path = SupabaseWorkspaceRepository.swift; sourceTree = "<group>"; };
		F2A3B4C5D6E7000000000014 /* WorkspaceRepositoryTests.swift */ = {isa = PBXFileReference; lastKnownFileType = sourcecode.swift; path = WorkspaceRepositoryTests.swift; sourceTree = "<group>"; };
		F2A3B4C5D6E7000000000015 /* session-summary.json */ = {isa = PBXFileReference; lastKnownFileType = text.json; path = "session-summary.json"; sourceTree = "<group>"; };
		F2A3B4C5D6E7000000000016 /* WorkspaceRepositoryIntegrationTests.swift */ = {isa = PBXFileReference; lastKnownFileType = sourcecode.swift; path = WorkspaceRepositoryIntegrationTests.swift; sourceTree = "<group>"; };
		F3A3B4C5D6E7000000000011 /* ProfileModels.swift */ = {isa = PBXFileReference; lastKnownFileType = sourcecode.swift; path = ProfileModels.swift; sourceTree = "<group>"; };
		F3A3B4C5D6E7000000000012 /* ProfileRepository.swift */ = {isa = PBXFileReference; lastKnownFileType = sourcecode.swift; path = ProfileRepository.swift; sourceTree = "<group>"; };
		F3A3B4C5D6E7000000000013 /* SupabaseProfileRepository.swift */ = {isa = PBXFileReference; lastKnownFileType = sourcecode.swift; path = SupabaseProfileRepository.swift; sourceTree = "<group>"; };
		F3A3B4C5D6E7000000000014 /* InvitationModels.swift */ = {isa = PBXFileReference; lastKnownFileType = sourcecode.swift; path = InvitationModels.swift; sourceTree = "<group>"; };
		F3A3B4C5D6E7000000000015 /* InvitationRepository.swift */ = {isa = PBXFileReference; lastKnownFileType = sourcecode.swift; path = InvitationRepository.swift; sourceTree = "<group>"; };
		F3A3B4C5D6E7000000000016 /* SupabaseInvitationRepository.swift */ = {isa = PBXFileReference; lastKnownFileType = sourcecode.swift; path = SupabaseInvitationRepository.swift; sourceTree = "<group>"; };
		F3A3B4C5D6E7000000000017 /* ProfileInvitationRepositoryTests.swift */ = {isa = PBXFileReference; lastKnownFileType = sourcecode.swift; path = ProfileInvitationRepositoryTests.swift; sourceTree = "<group>"; };
		F4A3B4C5D6E7000000000011 /* GuestModels.swift */ = {isa = PBXFileReference; lastKnownFileType = sourcecode.swift; path = GuestModels.swift; sourceTree = "<group>"; };
		F4A3B4C5D6E7000000000012 /* GuestRepository.swift */ = {isa = PBXFileReference; lastKnownFileType = sourcecode.swift; path = GuestRepository.swift; sourceTree = "<group>"; };
		F4A3B4C5D6E7000000000013 /* SupabaseGuestRepository.swift */ = {isa = PBXFileReference; lastKnownFileType = sourcecode.swift; path = SupabaseGuestRepository.swift; sourceTree = "<group>"; };
		F4A3B4C5D6E7000000000015 /* GuestFieldEditing.swift */ = {isa = PBXFileReference; lastKnownFileType = sourcecode.swift; path = GuestFieldEditing.swift; sourceTree = "<group>"; };
		F4A3B4C5D6E7000000000014 /* GuestRepositoryTests.swift */ = {isa = PBXFileReference; lastKnownFileType = sourcecode.swift; path = GuestRepositoryTests.swift; sourceTree = "<group>"; };
		F5A3B4C5D6E7000000000011 /* DomainRepositorySupport.swift */ = {isa = PBXFileReference; lastKnownFileType = sourcecode.swift; path = DomainRepositorySupport.swift; sourceTree = "<group>"; };
		F5A3B4C5D6E7000000000013 /* Features/Schedule/ScheduleModels.swift */ = {isa = PBXFileReference; lastKnownFileType = sourcecode.swift; path = Features/Schedule/ScheduleModels.swift; sourceTree = "<group>"; };
		F5A3B4C5D6E7000000000014 /* Features/Schedule/ScheduleRepository.swift */ = {isa = PBXFileReference; lastKnownFileType = sourcecode.swift; path = Features/Schedule/ScheduleRepository.swift; sourceTree = "<group>"; };
		F5A3B4C5D6E7000000000015 /* Features/Schedule/SupabaseScheduleRepository.swift */ = {isa = PBXFileReference; lastKnownFileType = sourcecode.swift; path = Features/Schedule/SupabaseScheduleRepository.swift; sourceTree = "<group>"; };
		F5A3B4C5D6E7000000000016 /* Features/Tasks/TaskModels.swift */ = {isa = PBXFileReference; lastKnownFileType = sourcecode.swift; path = Features/Tasks/TaskModels.swift; sourceTree = "<group>"; };
		F5A3B4C5D6E7000000000017 /* Features/Tasks/TaskRepository.swift */ = {isa = PBXFileReference; lastKnownFileType = sourcecode.swift; path = Features/Tasks/TaskRepository.swift; sourceTree = "<group>"; };
		F5A3B4C5D6E7000000000018 /* Features/Tasks/SupabaseTaskRepository.swift */ = {isa = PBXFileReference; lastKnownFileType = sourcecode.swift; path = Features/Tasks/SupabaseTaskRepository.swift; sourceTree = "<group>"; };
		F6A3B4C5D6E7000000000011 /* Features/Vendors/VendorModels.swift */ = {isa = PBXFileReference; lastKnownFileType = sourcecode.swift; path = Features/Vendors/VendorModels.swift; sourceTree = "<group>"; };
		F6A3B4C5D6E7000000000012 /* Features/Vendors/VendorRepository.swift */ = {isa = PBXFileReference; lastKnownFileType = sourcecode.swift; path = Features/Vendors/VendorRepository.swift; sourceTree = "<group>"; };
		F6A3B4C5D6E7000000000013 /* Features/Vendors/SupabaseVendorRepository.swift */ = {isa = PBXFileReference; lastKnownFileType = sourcecode.swift; path = Features/Vendors/SupabaseVendorRepository.swift; sourceTree = "<group>"; };
		F6A3B4C5D6E7000000000014 /* Features/Budget/BudgetModels.swift */ = {isa = PBXFileReference; lastKnownFileType = sourcecode.swift; path = Features/Budget/BudgetModels.swift; sourceTree = "<group>"; };
		F6A3B4C5D6E7000000000015 /* Features/Budget/BudgetRepository.swift */ = {isa = PBXFileReference; lastKnownFileType = sourcecode.swift; path = Features/Budget/BudgetRepository.swift; sourceTree = "<group>"; };
		F6A3B4C5D6E7000000000016 /* Features/Budget/SupabaseBudgetRepository.swift */ = {isa = PBXFileReference; lastKnownFileType = sourcecode.swift; path = Features/Budget/SupabaseBudgetRepository.swift; sourceTree = "<group>"; };
		F6A3B4C5D6E7000000000017 /* Features/Venues/VenueModels.swift */ = {isa = PBXFileReference; lastKnownFileType = sourcecode.swift; path = Features/Venues/VenueModels.swift; sourceTree = "<group>"; };
		F6A3B4C5D6E7000000000018 /* Features/Venues/VenueRepository.swift */ = {isa = PBXFileReference; lastKnownFileType = sourcecode.swift; path = Features/Venues/VenueRepository.swift; sourceTree = "<group>"; };
		F6A3B4C5D6E7000000000019 /* Features/Venues/SupabaseVenueRepository.swift */ = {isa = PBXFileReference; lastKnownFileType = sourcecode.swift; path = Features/Venues/SupabaseVenueRepository.swift; sourceTree = "<group>"; };
		F7A3B4C5D6E7000000000011 /* InspirationModels.swift */ = {isa = PBXFileReference; lastKnownFileType = sourcecode.swift; path = InspirationModels.swift; sourceTree = "<group>"; };
		F7A3B4C5D6E7000000000012 /* InspirationRepository.swift */ = {isa = PBXFileReference; lastKnownFileType = sourcecode.swift; path = InspirationRepository.swift; sourceTree = "<group>"; };
		F7A3B4C5D6E7000000000013 /* SupabaseInspirationRepository.swift */ = {isa = PBXFileReference; lastKnownFileType = sourcecode.swift; path = SupabaseInspirationRepository.swift; sourceTree = "<group>"; };
		F7A3B4C5D6E7000000000014 /* AttachmentModels.swift */ = {isa = PBXFileReference; lastKnownFileType = sourcecode.swift; path = AttachmentModels.swift; sourceTree = "<group>"; };
		F7A3B4C5D6E7000000000015 /* AttachmentRepository.swift */ = {isa = PBXFileReference; lastKnownFileType = sourcecode.swift; path = AttachmentRepository.swift; sourceTree = "<group>"; };
		F7A3B4C5D6E7000000000016 /* SupabaseAttachmentRepository.swift */ = {isa = PBXFileReference; lastKnownFileType = sourcecode.swift; path = SupabaseAttachmentRepository.swift; sourceTree = "<group>"; };
		F7A3B4C5D6E7000000000017 /* InspirationAttachmentRepositoryTests.swift */ = {isa = PBXFileReference; lastKnownFileType = sourcecode.swift; path = InspirationAttachmentRepositoryTests.swift; sourceTree = "<group>"; };
		F8A3B4C5D6E7000000000011 /* ScheduleTaskRepositoryTests.swift */ = {isa = PBXFileReference; lastKnownFileType = sourcecode.swift; path = ScheduleTaskRepositoryTests.swift; sourceTree = "<group>"; };
		F8A3B4C5D6E7000000000012 /* VendorBudgetVenueRepositoryTests.swift */ = {isa = PBXFileReference; lastKnownFileType = sourcecode.swift; path = VendorBudgetVenueRepositoryTests.swift; sourceTree = "<group>"; };
		F9A3B4C5D6E7000000000011 /* RepositoryContainer.swift */ = {isa = PBXFileReference; lastKnownFileType = sourcecode.swift; path = RepositoryContainer.swift; sourceTree = "<group>"; };
		F9A3B4C5D6E7000000000012 /* RepositoryContainerTests.swift */ = {isa = PBXFileReference; lastKnownFileType = sourcecode.swift; path = RepositoryContainerTests.swift; sourceTree = "<group>"; };
		FAA3B4C5D6E7000000000011 /* MapWorkflowModels.swift */ = {isa = PBXFileReference; lastKnownFileType = sourcecode.swift; path = MapWorkflowModels.swift; sourceTree = "<group>"; };
		FAA3B4C5D6E7000000000012 /* MapWorkflowRepository.swift */ = {isa = PBXFileReference; lastKnownFileType = sourcecode.swift; path = MapWorkflowRepository.swift; sourceTree = "<group>"; };
		FAA3B4C5D6E7000000000013 /* APIMapWorkflowRepository.swift */ = {isa = PBXFileReference; lastKnownFileType = sourcecode.swift; path = APIMapWorkflowRepository.swift; sourceTree = "<group>"; };
		FAA3B4C5D6E7000000000014 /* MapWorkflowRepositoryTests.swift */ = {isa = PBXFileReference; lastKnownFileType = sourcecode.swift; path = MapWorkflowRepositoryTests.swift; sourceTree = "<group>"; };
		FAA3B4C5D6E7000000000015 /* geocode-response.json */ = {isa = PBXFileReference; lastKnownFileType = text.json; path = "geocode-response.json"; sourceTree = "<group>"; };
		FAA3B4C5D6E7000000000016 /* travel-times-response.json */ = {isa = PBXFileReference; lastKnownFileType = text.json; path = "travel-times-response.json"; sourceTree = "<group>"; };
/* End PBXFileReference section */

/* Begin PBXFrameworksBuildPhase section */
		A1B2C3D4E5F6000000000020 /* Frameworks */ = {
			isa = PBXFrameworksBuildPhase;
			buildActionMask = 2147483647;
			files = (
				A1B2C3D4E5F6000000000003 /* Supabase in Frameworks */,
			);
			runOnlyForDeploymentPostprocessing = 0;
		};
		A1B2C3D4E5F6000000000021 /* Frameworks */ = {
			isa = PBXFrameworksBuildPhase;
			buildActionMask = 2147483647;
			files = (
			);
			runOnlyForDeploymentPostprocessing = 0;
		};
/* End PBXFrameworksBuildPhase section */

/* Begin PBXGroup section */
		A1B2C3D4E5F6000000000030 = {
			isa = PBXGroup;
			children = (
				3E232CCB30187209003E5C26 /* VowbaseIcon.icon */,
				3E232CC73018715C003E5C26 /* Assets.xcassets */,
				A1B2C3D4E5F6000000000034 /* Configuration */,
				A1B2C3D4E5F6000000000031 /* Vowbase */,
				A1B2C3D4E5F6000000000033 /* VowbaseTests */,
				A1B2C3D4E5F6000000000032 /* Products */,
			);
			sourceTree = "<group>";
		};
		A1B2C3D4E5F6000000000031 /* Vowbase */ = {
			isa = PBXGroup;
			children = (
				DAA3B4C5D6E7000000000031 /* App shell */,
				DAA3B4C5D6E7000000000032 /* Design system */,
				A1B2C3D4E5F6000000000037 /* Backend */,
				A1B2C3D4E5F6000000000035 /* Configuration */,
				E1F2A3B4C5D6000000000038 /* Models */,
				F2A3B4C5D6E7000000000039 /* Features/Workspace */,
				F3A3B4C5D6E7000000000039 /* Features/People */,
				F3A3B4C5D6E700000000003A /* Features/Invitations */,
				F4A3B4C5D6E7000000000039 /* Features/Guests */,
				F7A3B4C5D6E7000000000039 /* Features/Inspiration */,
				F7A3B4C5D6E700000000003A /* Features/Attachments */,
				FAA3B4C5D6E7000000000039 /* Features/Maps */,
				F6A3B4C5D6E7000000000011 /* Features/Vendors/VendorModels.swift */,
				F6A3B4C5D6E7000000000012 /* Features/Vendors/VendorRepository.swift */,
				F6A3B4C5D6E7000000000013 /* Features/Vendors/SupabaseVendorRepository.swift */,
				F6A3B4C5D6E7000000000014 /* Features/Budget/BudgetModels.swift */,
				F6A3B4C5D6E7000000000015 /* Features/Budget/BudgetRepository.swift */,
				F6A3B4C5D6E7000000000016 /* Features/Budget/SupabaseBudgetRepository.swift */,
				F6A3B4C5D6E7000000000017 /* Features/Venues/VenueModels.swift */,
				F6A3B4C5D6E7000000000018 /* Features/Venues/VenueRepository.swift */,
				F6A3B4C5D6E7000000000019 /* Features/Venues/SupabaseVenueRepository.swift */,
				BAA3B4C5D6E7000000000011 /* Features/Venues/VenueResearchModels.swift */,
				BAA3B4C5D6E7000000000012 /* Features/Venues/VenueResearchRepository.swift */,
				BAA3B4C5D6E7000000000013 /* Features/Venues/APIVenueResearchRepository.swift */,
				BAA3B4C5D6E7000000000014 /* Features/Venues/VenuePhotoService.swift */,
				F5A3B4C5D6E7000000000013 /* Features/Schedule/ScheduleModels.swift */,
				F5A3B4C5D6E7000000000014 /* Features/Schedule/ScheduleRepository.swift */,
				F5A3B4C5D6E7000000000015 /* Features/Schedule/SupabaseScheduleRepository.swift */,
				F5A3B4C5D6E7000000000016 /* Features/Tasks/TaskModels.swift */,
				F5A3B4C5D6E7000000000017 /* Features/Tasks/TaskRepository.swift */,
				F5A3B4C5D6E7000000000018 /* Features/Tasks/SupabaseTaskRepository.swift */,
				A1B2C3D4E5F600000000001A /* Info.plist */,
				A1B2C3D4E5F6000000000011 /* VowbaseApp.swift */,
				A1B2C3D4E5F6000000000012 /* ContentView.swift */,
				A1B2C3D4E5F60000000000D1 /* AuthenticationView.swift */,
				A1B2C3D4E5F60000000000D2 /* Vowbase.entitlements */,
			);
			path = Vowbase;
			sourceTree = "<group>";
		};
		DAA3B4C5D6E7000000000031 /* App shell */ = {
			isa = PBXGroup;
			children = (
				DAA3B4C5D6E7000000000011 /* AppTab.swift */,
				DAA3B4C5D6E7000000000012 /* AppNavigationModel.swift */,
			);
			path = AppShell;
			sourceTree = "<group>";
		};
		DAA3B4C5D6E7000000000032 /* Design system */ = {
			isa = PBXGroup;
			children = (
				DAA3B4C5D6E7000000000013 /* VowbaseTheme.swift */,
				DAA3B4C5D6E7000000000014 /* VowbaseTypography.swift */,
				DAA3B4C5D6E7000000000015 /* VowbaseMetrics.swift */,
				DAA3B4C5D6E7000000000016 /* VowbaseComponents.swift */,
				DAA3B4C5D6E7000000000017 /* QuickAddFAB.swift */,
			);
			path = DesignSystem;
			sourceTree = "<group>";
		};
		A1B2C3D4E5F6000000000032 /* Products */ = {
			isa = PBXGroup;
			children = (
				A1B2C3D4E5F6000000000010 /* Vowbase.app */,
				A1B2C3D4E5F6000000000013 /* VowbaseTests.xctest */,
			);
			name = Products;
			sourceTree = "<group>";
		};
		A1B2C3D4E5F6000000000033 /* VowbaseTests */ = {
			isa = PBXGroup;
			children = (
				D1E2F3A4B5C6000000000011 /* AppDependenciesTests.swift */,
				A1B2C3D4E5F6000000000015 /* AppConfigurationTests.swift */,
				A1B2C3D4E5F600000000001F /* AuthServiceTests.swift */,
				A1B2C3D4E5F600000000001B /* BackendErrorTests.swift */,
				E1F2A3B4C5D6000000000011 /* DatabaseDecodingTests.swift */,
				F2A3B4C5D6E7000000000014 /* WorkspaceRepositoryTests.swift */,
				F2A3B4C5D6E7000000000016 /* WorkspaceRepositoryIntegrationTests.swift */,
				F3A3B4C5D6E7000000000017 /* ProfileInvitationRepositoryTests.swift */,
				F4A3B4C5D6E7000000000014 /* GuestRepositoryTests.swift */,
				F8A3B4C5D6E7000000000011 /* ScheduleTaskRepositoryTests.swift */,
				F8A3B4C5D6E7000000000012 /* VendorBudgetVenueRepositoryTests.swift */,
				F7A3B4C5D6E7000000000017 /* InspirationAttachmentRepositoryTests.swift */,
				F9A3B4C5D6E7000000000012 /* RepositoryContainerTests.swift */,
				FAA3B4C5D6E7000000000014 /* MapWorkflowRepositoryTests.swift */,
				BAA3B4C5D6E7000000000015 /* VenueResearchRepositoryTests.swift */,
				BAA3B4C5D6E7000000000016 /* VenuePhotoServiceTests.swift */,
				A1B2C3D4E5F6000000000036 /* Fixtures */,
				C1D2E3F4A5B6000000000013 /* URLProtocolStub.swift */,
				C1D2E3F4A5B6000000000014 /* VowbaseAPIClientTests.swift */,
				A1B2C3D4E5F6000000000014 /* VowbaseTests.swift */,
				A1B2C3D4E5F6000000000023 /* GuestFieldEditingTests.swift */,
			);
			path = VowbaseTests;
			sourceTree = "<group>";
		};
		A1B2C3D4E5F6000000000034 /* Configuration */ = {
			isa = PBXGroup;
			children = (
				A1B2C3D4E5F6000000000017 /* Debug.xcconfig */,
				A1B2C3D4E5F6000000000018 /* Release.xcconfig */,
				A1B2C3D4E5F6000000000019 /* Local.xcconfig.example */,
			);
			path = Configuration;
			sourceTree = "<group>";
		};
		A1B2C3D4E5F6000000000035 /* Configuration */ = {
			isa = PBXGroup;
			children = (
				A1B2C3D4E5F6000000000016 /* AppConfiguration.swift */,
			);
			path = Configuration;
			sourceTree = "<group>";
		};
		A1B2C3D4E5F6000000000036 /* Fixtures */ = {
			isa = PBXGroup;
			children = (
				A1B2C3D4E5F600000000001C /* error-wedding-forbidden.json */,
				E1F2A3B4C5D6000000000012 /* workspace-membership.json */,
				F2A3B4C5D6E7000000000015 /* session-summary.json */,
				FAA3B4C5D6E7000000000015 /* geocode-response.json */,
				FAA3B4C5D6E7000000000016 /* travel-times-response.json */,
				BAA3B4C5D6E7000000000017 /* venue-research-run.json */,
			);
			path = Fixtures;
			sourceTree = "<group>";
		};
		A1B2C3D4E5F6000000000037 /* Backend */ = {
			isa = PBXGroup;
			children = (
				C1D2E3F4A5B6000000000011 /* APIRequest.swift */,
				A1B2C3D4E5F600000000001D /* APIErrorEnvelope.swift */,
				D1E2F3A4B5C6000000000012 /* AppDependencies.swift */,
				F9A3B4C5D6E7000000000011 /* RepositoryContainer.swift */,
				D1E2F3A4B5C6000000000013 /* AuthCallbackHandler.swift */,
				B1C2D3E4F5A6000000000013 /* AuthService.swift */,
				B1C2D3E4F5A6000000000012 /* AuthServicing.swift */,
				A1B2C3D4E5F600000000001E /* BackendError.swift */,
				E1F2A3B4C5D6000000000014 /* DatabaseDecoding.swift */,
				B1C2D3E4F5A6000000000011 /* SupabaseProvider.swift */,
				C1D2E3F4A5B6000000000012 /* VowbaseAPIClient.swift */,
				F5A3B4C5D6E7000000000011 /* DomainRepositorySupport.swift */,
			);
			path = Backend;
			sourceTree = "<group>";
		};
		E1F2A3B4C5D6000000000038 /* Models */ = {
			isa = PBXGroup;
			children = (
				E1F2A3B4C5D6000000000013 /* JSONValue.swift */,
			);
			path = Models;
			sourceTree = "<group>";
		};
		F2A3B4C5D6E7000000000039 /* Features/Workspace */ = {
			isa = PBXGroup;
			children = (
				F2A3B4C5D6E7000000000011 /* WorkspaceModels.swift */,
				F2A3B4C5D6E7000000000012 /* WorkspaceRepository.swift */,
				F2A3B4C5D6E7000000000013 /* SupabaseWorkspaceRepository.swift */,
			);
			path = Features/Workspace;
			sourceTree = "<group>";
		};
		F3A3B4C5D6E7000000000039 /* Features/People */ = {
			isa = PBXGroup;
			children = (
				F3A3B4C5D6E7000000000011 /* ProfileModels.swift */,
				F3A3B4C5D6E7000000000012 /* ProfileRepository.swift */,
				F3A3B4C5D6E7000000000013 /* SupabaseProfileRepository.swift */,
			);
			path = Features/People;
			sourceTree = "<group>";
		};
		F3A3B4C5D6E700000000003A /* Features/Invitations */ = {
			isa = PBXGroup;
			children = (
				F3A3B4C5D6E7000000000014 /* InvitationModels.swift */,
				F3A3B4C5D6E7000000000015 /* InvitationRepository.swift */,
				F3A3B4C5D6E7000000000016 /* SupabaseInvitationRepository.swift */,
			);
			path = Features/Invitations;
			sourceTree = "<group>";
		};
		F4A3B4C5D6E7000000000039 /* Features/Guests */ = {
			isa = PBXGroup;
			children = (
				F4A3B4C5D6E7000000000011 /* GuestModels.swift */,
				F4A3B4C5D6E7000000000012 /* GuestRepository.swift */,
				F4A3B4C5D6E7000000000015 /* GuestFieldEditing.swift */,
				F4A3B4C5D6E7000000000013 /* SupabaseGuestRepository.swift */,
			);
			path = Features/Guests;
			sourceTree = "<group>";
		};
		F7A3B4C5D6E7000000000039 /* Features/Inspiration */ = {
			isa = PBXGroup;
			children = (
				F7A3B4C5D6E7000000000011 /* InspirationModels.swift */,
				F7A3B4C5D6E7000000000012 /* InspirationRepository.swift */,
				F7A3B4C5D6E7000000000013 /* SupabaseInspirationRepository.swift */,
			);
			path = Features/Inspiration;
			sourceTree = "<group>";
		};
		F7A3B4C5D6E700000000003A /* Features/Attachments */ = {
			isa = PBXGroup;
			children = (
				F7A3B4C5D6E7000000000014 /* AttachmentModels.swift */,
				F7A3B4C5D6E7000000000015 /* AttachmentRepository.swift */,
				F7A3B4C5D6E7000000000016 /* SupabaseAttachmentRepository.swift */,
			);
			path = Features/Attachments;
			sourceTree = "<group>";
		};
		FAA3B4C5D6E7000000000039 /* Features/Maps */ = {
			isa = PBXGroup;
			children = (
				FAA3B4C5D6E7000000000011 /* MapWorkflowModels.swift */,
				FAA3B4C5D6E7000000000012 /* MapWorkflowRepository.swift */,
				FAA3B4C5D6E7000000000013 /* APIMapWorkflowRepository.swift */,
			);
			path = Features/Maps;
			sourceTree = "<group>";
		};
/* End PBXGroup section */

/* Begin PBXNativeTarget section */
		A1B2C3D4E5F6000000000040 /* Vowbase */ = {
			isa = PBXNativeTarget;
			buildConfigurationList = A1B2C3D4E5F6000000000050 /* Build configuration list for PBXNativeTarget "Vowbase" */;
			buildPhases = (
				A1B2C3D4E5F6000000000060 /* Sources */,
				A1B2C3D4E5F6000000000020 /* Frameworks */,
				A1B2C3D4E5F6000000000061 /* Resources */,
			);
			buildRules = (
			);
			dependencies = (
			);
			name = Vowbase;
			packageProductDependencies = (
				A1B2C3D4E5F60000000000B1 /* Supabase */,
			);
			productName = Vowbase;
			productReference = A1B2C3D4E5F6000000000010 /* Vowbase.app */;
			productType = "com.apple.product-type.application";
		};
		A1B2C3D4E5F6000000000041 /* VowbaseTests */ = {
			isa = PBXNativeTarget;
			buildConfigurationList = A1B2C3D4E5F6000000000052 /* Build configuration list for PBXNativeTarget "VowbaseTests" */;
			buildPhases = (
				A1B2C3D4E5F6000000000062 /* Sources */,
				A1B2C3D4E5F6000000000021 /* Frameworks */,
				A1B2C3D4E5F6000000000063 /* Resources */,
			);
			buildRules = (
			);
			dependencies = (
				A1B2C3D4E5F60000000000A1 /* PBXTargetDependency */,
			);
			name = VowbaseTests;
			packageProductDependencies = (
			);
			productName = VowbaseTests;
			productReference = A1B2C3D4E5F6000000000013 /* VowbaseTests.xctest */;
			productType = "com.apple.product-type.bundle.unit-test";
		};
/* End PBXNativeTarget section */

/* Begin PBXProject section */
		A1B2C3D4E5F6000000000070 /* Project object */ = {
			isa = PBXProject;
			attributes = {
				BuildIndependentTargetsInParallel = 1;
				LastSwiftUpdateCheck = 2660;
				LastUpgradeCheck = 2700;
				TargetAttributes = {
					A1B2C3D4E5F6000000000040 = {
						CreatedOnToolsVersion = 26.6;
					};
					A1B2C3D4E5F6000000000041 = {
						CreatedOnToolsVersion = 26.6;
						TestTargetID = A1B2C3D4E5F6000000000040;
					};
				};
			};
			buildConfigurationList = A1B2C3D4E5F6000000000051 /* Build configuration list for PBXProject "Vowbase" */;
			compatibilityVersion = "Xcode 16.0";
			developmentRegion = en;
			hasScannedForEncodings = 0;
			knownRegions = (
				en,
				Base,
			);
			mainGroup = A1B2C3D4E5F6000000000030;
			minimizedProjectReferenceProxies = 1;
			packageReferences = (
				A1B2C3D4E5F60000000000B0 /* XCRemoteSwiftPackageReference "supabase-swift" */,
			);
			productRefGroup = A1B2C3D4E5F6000000000032 /* Products */;
			projectDirPath = "";
			projectRoot = "";
			targets = (
				A1B2C3D4E5F6000000000040 /* Vowbase */,
				A1B2C3D4E5F6000000000041 /* VowbaseTests */,
			);
		};
/* End PBXProject section */

/* Begin PBXResourcesBuildPhase section */
		A1B2C3D4E5F6000000000061 /* Resources */ = {
			isa = PBXResourcesBuildPhase;
			buildActionMask = 2147483647;
			files = (
				3E232CC83018715C003E5C26 /* Assets.xcassets in Resources */,
				3E232CCC30187209003E5C26 /* VowbaseIcon.icon in Resources */,
			);
			runOnlyForDeploymentPostprocessing = 0;
		};
		A1B2C3D4E5F6000000000063 /* Resources */ = {
			isa = PBXResourcesBuildPhase;
			buildActionMask = 2147483647;
			files = (
				A1B2C3D4E5F6000000000008 /* error-wedding-forbidden.json in Resources */,
				E1F2A3B4C5D6000000000002 /* workspace-membership.json in Resources */,
				F2A3B4C5D6E7000000000005 /* session-summary.json in Resources */,
				FAA3B4C5D6E7000000000005 /* geocode-response.json in Resources */,
				FAA3B4C5D6E7000000000006 /* travel-times-response.json in Resources */,
				BAA3B4C5D6E7000000000007 /* venue-research-run.json in Resources */,
			);
			runOnlyForDeploymentPostprocessing = 0;
		};
/* End PBXResourcesBuildPhase section */

/* Begin PBXSourcesBuildPhase section */
		A1B2C3D4E5F6000000000060 /* Sources */ = {
			isa = PBXSourcesBuildPhase;
			buildActionMask = 2147483647;
			files = (
				C1D2E3F4A5B6000000000001 /* APIRequest.swift in Sources */,
				A1B2C3D4E5F6000000000009 /* APIErrorEnvelope.swift in Sources */,
				D1E2F3A4B5C6000000000002 /* AppDependencies.swift in Sources */,
				D1E2F3A4B5C6000000000003 /* AuthCallbackHandler.swift in Sources */,
				A1B2C3D4E5F6000000000006 /* AppConfiguration.swift in Sources */,
				B1C2D3E4F5A6000000000003 /* AuthService.swift in Sources */,
				B1C2D3E4F5A6000000000002 /* AuthServicing.swift in Sources */,
				A1B2C3D4E5F600000000000A /* BackendError.swift in Sources */,
				E1F2A3B4C5D6000000000004 /* DatabaseDecoding.swift in Sources */,
				F2A3B4C5D6E7000000000001 /* WorkspaceModels.swift in Sources */,
				F2A3B4C5D6E7000000000002 /* WorkspaceRepository.swift in Sources */,
				F2A3B4C5D6E7000000000003 /* SupabaseWorkspaceRepository.swift in Sources */,
				F3A3B4C5D6E7000000000001 /* ProfileModels.swift in Sources */,
				F3A3B4C5D6E7000000000002 /* ProfileRepository.swift in Sources */,
				F3A3B4C5D6E7000000000003 /* SupabaseProfileRepository.swift in Sources */,
				F3A3B4C5D6E7000000000004 /* InvitationModels.swift in Sources */,
				F3A3B4C5D6E7000000000005 /* InvitationRepository.swift in Sources */,
				F3A3B4C5D6E7000000000006 /* SupabaseInvitationRepository.swift in Sources */,
				F4A3B4C5D6E7000000000001 /* GuestModels.swift in Sources */,
				F4A3B4C5D6E7000000000002 /* GuestRepository.swift in Sources */,
				F4A3B4C5D6E7000000000003 /* SupabaseGuestRepository.swift in Sources */,
				F4A3B4C5D6E7000000000005 /* GuestFieldEditing.swift in Sources */,
				E1F2A3B4C5D6000000000003 /* JSONValue.swift in Sources */,
				B1C2D3E4F5A6000000000001 /* SupabaseProvider.swift in Sources */,
				A1B2C3D4E5F6000000000001 /* VowbaseApp.swift in Sources */,
				A1B2C3D4E5F6000000000002 /* ContentView.swift in Sources */,
				DAA3B4C5D6E7000000000001 /* AppTab.swift in Sources */,
				DAA3B4C5D6E7000000000002 /* AppNavigationModel.swift in Sources */,
				DAA3B4C5D6E7000000000003 /* VowbaseTheme.swift in Sources */,
				DAA3B4C5D6E7000000000004 /* VowbaseTypography.swift in Sources */,
				DAA3B4C5D6E7000000000005 /* VowbaseMetrics.swift in Sources */,
				DAA3B4C5D6E7000000000006 /* VowbaseComponents.swift in Sources */,
				DAA3B4C5D6E7000000000007 /* QuickAddFAB.swift in Sources */,
				A1B2C3D4E5F60000000000C1 /* AuthenticationView.swift in Sources */,
				C1D2E3F4A5B6000000000002 /* VowbaseAPIClient.swift in Sources */,
				F5A3B4C5D6E7000000000001 /* DomainRepositorySupport.swift in Sources */,
				F5A3B4C5D6E7000000000003 /* Features/Schedule/ScheduleModels.swift in Sources */,
				F5A3B4C5D6E7000000000004 /* Features/Schedule/ScheduleRepository.swift in Sources */,
				F5A3B4C5D6E7000000000005 /* Features/Schedule/SupabaseScheduleRepository.swift in Sources */,
				F5A3B4C5D6E7000000000006 /* Features/Tasks/TaskModels.swift in Sources */,
				F5A3B4C5D6E7000000000007 /* Features/Tasks/TaskRepository.swift in Sources */,
				F5A3B4C5D6E7000000000008 /* Features/Tasks/SupabaseTaskRepository.swift in Sources */,
				F6A3B4C5D6E7000000000001 /* Features/Vendors/VendorModels.swift in Sources */,
				F6A3B4C5D6E7000000000002 /* Features/Vendors/VendorRepository.swift in Sources */,
				F6A3B4C5D6E7000000000003 /* Features/Vendors/SupabaseVendorRepository.swift in Sources */,
				F6A3B4C5D6E7000000000004 /* Features/Budget/BudgetModels.swift in Sources */,
				F6A3B4C5D6E7000000000005 /* Features/Budget/BudgetRepository.swift in Sources */,
				F6A3B4C5D6E7000000000006 /* Features/Budget/SupabaseBudgetRepository.swift in Sources */,
				F6A3B4C5D6E7000000000007 /* Features/Venues/VenueModels.swift in Sources */,
				F6A3B4C5D6E7000000000008 /* Features/Venues/VenueRepository.swift in Sources */,
				F6A3B4C5D6E7000000000009 /* Features/Venues/SupabaseVenueRepository.swift in Sources */,
				F7A3B4C5D6E7000000000001 /* InspirationModels.swift in Sources */,
				F7A3B4C5D6E7000000000002 /* InspirationRepository.swift in Sources */,
				F7A3B4C5D6E7000000000003 /* SupabaseInspirationRepository.swift in Sources */,
				F7A3B4C5D6E7000000000004 /* AttachmentModels.swift in Sources */,
				F7A3B4C5D6E7000000000005 /* AttachmentRepository.swift in Sources */,
				F7A3B4C5D6E7000000000006 /* SupabaseAttachmentRepository.swift in Sources */,
				F9A3B4C5D6E7000000000001 /* RepositoryContainer.swift in Sources */,
				FAA3B4C5D6E7000000000001 /* MapWorkflowModels.swift in Sources */,
				FAA3B4C5D6E7000000000002 /* MapWorkflowRepository.swift in Sources */,
				FAA3B4C5D6E7000000000003 /* APIMapWorkflowRepository.swift in Sources */,
				BAA3B4C5D6E7000000000001 /* Features/Venues/VenueResearchModels.swift in Sources */,
				BAA3B4C5D6E7000000000002 /* Features/Venues/VenueResearchRepository.swift in Sources */,
				BAA3B4C5D6E7000000000003 /* Features/Venues/APIVenueResearchRepository.swift in Sources */,
				BAA3B4C5D6E7000000000004 /* Features/Venues/VenuePhotoService.swift in Sources */,
			);
			runOnlyForDeploymentPostprocessing = 0;
		};
		A1B2C3D4E5F6000000000062 /* Sources */ = {
			isa = PBXSourcesBuildPhase;
			buildActionMask = 2147483647;
			files = (
				D1E2F3A4B5C6000000000001 /* AppDependenciesTests.swift in Sources */,
				A1B2C3D4E5F6000000000005 /* AppConfigurationTests.swift in Sources */,
				A1B2C3D4E5F600000000000B /* AuthServiceTests.swift in Sources */,
				A1B2C3D4E5F6000000000007 /* BackendErrorTests.swift in Sources */,
				E1F2A3B4C5D6000000000001 /* DatabaseDecodingTests.swift in Sources */,
				F2A3B4C5D6E7000000000004 /* WorkspaceRepositoryTests.swift in Sources */,
				F2A3B4C5D6E7000000000006 /* WorkspaceRepositoryIntegrationTests.swift in Sources */,
				F3A3B4C5D6E7000000000007 /* ProfileInvitationRepositoryTests.swift in Sources */,
				F4A3B4C5D6E7000000000004 /* GuestRepositoryTests.swift in Sources */,
				C1D2E3F4A5B6000000000003 /* URLProtocolStub.swift in Sources */,
				C1D2E3F4A5B6000000000004 /* VowbaseAPIClientTests.swift in Sources */,
				A1B2C3D4E5F6000000000004 /* VowbaseTests.swift in Sources */,
				A1B2C3D4E5F6000000000022 /* GuestFieldEditingTests.swift in Sources */,
				F8A3B4C5D6E7000000000001 /* ScheduleTaskRepositoryTests.swift in Sources */,
				F8A3B4C5D6E7000000000002 /* VendorBudgetVenueRepositoryTests.swift in Sources */,
				F7A3B4C5D6E7000000000007 /* InspirationAttachmentRepositoryTests.swift in Sources */,
				F9A3B4C5D6E7000000000002 /* RepositoryContainerTests.swift in Sources */,
				FAA3B4C5D6E7000000000004 /* MapWorkflowRepositoryTests.swift in Sources */,
				BAA3B4C5D6E7000000000005 /* VenueResearchRepositoryTests.swift in Sources */,
				BAA3B4C5D6E7000000000006 /* VenuePhotoServiceTests.swift in Sources */,
			);
			runOnlyForDeploymentPostprocessing = 0;
		};
/* End PBXSourcesBuildPhase section */

/* Begin PBXTargetDependency section */
		A1B2C3D4E5F60000000000A1 /* PBXTargetDependency */ = {
			isa = PBXTargetDependency;
			target = A1B2C3D4E5F6000000000040 /* Vowbase */;
			targetProxy = A1B2C3D4E5F60000000000A0 /* PBXContainerItemProxy */;
		};
/* End PBXTargetDependency section */

/* Begin XCBuildConfiguration section */
		A1B2C3D4E5F6000000000080 /* Debug */ = {
			isa = XCBuildConfiguration;
			buildSettings = {
				ALWAYS_SEARCH_USER_PATHS = NO;
				CLANG_CXX_LANGUAGE_STANDARD = "gnu++20";
				CLANG_ENABLE_MODULES = YES;
				CLANG_ENABLE_OBJC_ARC = YES;
				CLANG_WARN_BLOCK_CAPTURE_AUTORELEASING = YES;
				CLANG_WARN_BOOL_CONVERSION = YES;
				CLANG_WARN_COMMA = YES;
				CLANG_WARN_CONSTANT_CONVERSION = YES;
				CLANG_WARN_DEPRECATED_OBJC_IMPLEMENTATIONS = YES;
				CLANG_WARN_DOCUMENTATION_COMMENTS = YES;
				CLANG_WARN_EMPTY_BODY = YES;
				CLANG_WARN_ENUM_CONVERSION = YES;
				CLANG_WARN_INFINITE_RECURSION = YES;
				CLANG_WARN_INT_CONVERSION = YES;
				CLANG_WARN_NON_LITERAL_NULL_CONVERSION = YES;
				CLANG_WARN_OBJC_IMPLICIT_RETAIN_SELF = YES;
				CLANG_WARN_OBJC_LITERAL_CONVERSION = YES;
				CLANG_WARN_QUOTED_INCLUDE_IN_FRAMEWORK_HEADER = YES;
				CLANG_WARN_RANGE_LOOP_ANALYSIS = YES;
				CLANG_WARN_STRICT_PROTOTYPES = YES;
				CLANG_WARN_SUSPICIOUS_MOVE = YES;
				CLANG_WARN_UNREACHABLE_CODE = YES;
				CLANG_WARN__DUPLICATE_METHOD_MATCH = YES;
				COPY_PHASE_STRIP = NO;
				DEBUG_INFORMATION_FORMAT = dwarf;
				DEVELOPMENT_TEAM = 642R8758FG;
				ENABLE_STRICT_OBJC_MSGSEND = YES;
				ENABLE_TESTABILITY = YES;
				ENABLE_USER_SCRIPT_SANDBOXING = YES;
				GCC_C_LANGUAGE_STANDARD = gnu17;
				GCC_DYNAMIC_NO_PIC = NO;
				GCC_NO_COMMON_BLOCKS = YES;
				GCC_OPTIMIZATION_LEVEL = 0;
				GCC_PREPROCESSOR_DEFINITIONS = (
					"DEBUG=1",
					"$(inherited)",
				);
				GCC_WARN_64_TO_32_BIT_CONVERSION = YES;
				GCC_WARN_ABOUT_RETURN_TYPE = YES;
				GCC_WARN_UNDECLARED_SELECTOR = YES;
				GCC_WARN_UNINITIALIZED_AUTOS = YES_AGGRESSIVE;
				GCC_WARN_UNUSED_FUNCTION = YES;
				GCC_WARN_UNUSED_VARIABLE = YES;
				IPHONEOS_DEPLOYMENT_TARGET = 18.0;
				MTL_ENABLE_DEBUG_INFO = INCLUDE_SOURCE;
				ONLY_ACTIVE_ARCH = YES;
				SDKROOT = iphoneos;
				STRING_CATALOG_GENERATE_SYMBOLS = YES;
				SWIFT_ACTIVE_COMPILATION_CONDITIONS = "DEBUG $(inherited)";
				SWIFT_OPTIMIZATION_LEVEL = "-Onone";
			};
			name = Debug;
		};
		A1B2C3D4E5F6000000000081 /* Release */ = {
			isa = XCBuildConfiguration;
			buildSettings = {
				ALWAYS_SEARCH_USER_PATHS = NO;
				CLANG_CXX_LANGUAGE_STANDARD = "gnu++20";
				CLANG_ENABLE_MODULES = YES;
				CLANG_ENABLE_OBJC_ARC = YES;
				CLANG_WARN_BLOCK_CAPTURE_AUTORELEASING = YES;
				CLANG_WARN_BOOL_CONVERSION = YES;
				CLANG_WARN_COMMA = YES;
				CLANG_WARN_CONSTANT_CONVERSION = YES;
				CLANG_WARN_DEPRECATED_OBJC_IMPLEMENTATIONS = YES;
				CLANG_WARN_DOCUMENTATION_COMMENTS = YES;
				CLANG_WARN_EMPTY_BODY = YES;
				CLANG_WARN_ENUM_CONVERSION = YES;
				CLANG_WARN_INFINITE_RECURSION = YES;
				CLANG_WARN_INT_CONVERSION = YES;
				CLANG_WARN_NON_LITERAL_NULL_CONVERSION = YES;
				CLANG_WARN_OBJC_IMPLICIT_RETAIN_SELF = YES;
				CLANG_WARN_OBJC_LITERAL_CONVERSION = YES;
				CLANG_WARN_QUOTED_INCLUDE_IN_FRAMEWORK_HEADER = YES;
				CLANG_WARN_RANGE_LOOP_ANALYSIS = YES;
				CLANG_WARN_STRICT_PROTOTYPES = YES;
				CLANG_WARN_SUSPICIOUS_MOVE = YES;
				CLANG_WARN_UNREACHABLE_CODE = YES;
				CLANG_WARN__DUPLICATE_METHOD_MATCH = YES;
				COPY_PHASE_STRIP = NO;
				DEBUG_INFORMATION_FORMAT = "dwarf-with-dsym";
				DEVELOPMENT_TEAM = 642R8758FG;
				ENABLE_NS_ASSERTIONS = NO;
				ENABLE_STRICT_OBJC_MSGSEND = YES;
				ENABLE_USER_SCRIPT_SANDBOXING = YES;
				GCC_C_LANGUAGE_STANDARD = gnu17;
				GCC_NO_COMMON_BLOCKS = YES;
				GCC_WARN_64_TO_32_BIT_CONVERSION = YES;
				GCC_WARN_ABOUT_RETURN_TYPE = YES;
				GCC_WARN_UNDECLARED_SELECTOR = YES;
				GCC_WARN_UNINITIALIZED_AUTOS = YES_AGGRESSIVE;
				GCC_WARN_UNUSED_FUNCTION = YES;
				GCC_WARN_UNUSED_VARIABLE = YES;
				IPHONEOS_DEPLOYMENT_TARGET = 18.0;
				MTL_ENABLE_DEBUG_INFO = NO;
				SDKROOT = iphoneos;
				STRING_CATALOG_GENERATE_SYMBOLS = YES;
				SWIFT_COMPILATION_MODE = wholemodule;
				VALIDATE_PRODUCT = YES;
			};
			name = Release;
		};
		A1B2C3D4E5F6000000000082 /* Debug */ = {
			isa = XCBuildConfiguration;
			baseConfigurationReference = A1B2C3D4E5F6000000000017 /* Debug.xcconfig */;
			buildSettings = {
				ASSETCATALOG_COMPILER_APPICON_NAME = VowbaseIcon;
				ASSETCATALOG_COMPILER_GLOBAL_ACCENT_COLOR_NAME = AccentColor;
				CODE_SIGN_STYLE = Automatic;
				CODE_SIGN_ENTITLEMENTS = Vowbase/Vowbase.entitlements;
				CURRENT_PROJECT_VERSION = 1;
				ENABLE_PREVIEWS = YES;
				GENERATE_INFOPLIST_FILE = NO;
				INFOPLIST_FILE = Vowbase/Info.plist;
				IPHONEOS_DEPLOYMENT_TARGET = 18.0;
				MARKETING_VERSION = 1.0;
				PRODUCT_BUNDLE_IDENTIFIER = Mooma.Vowbase;
				PRODUCT_NAME = "$(TARGET_NAME)";
				SUPPORTED_PLATFORMS = "iphoneos iphonesimulator";
				SUPPORTS_MACCATALYST = NO;
				SUPPORTS_MAC_DESIGNED_FOR_IPHONE_IPAD = NO;
				SUPPORTS_XR_DESIGNED_FOR_IPHONE_IPAD = NO;
				SWIFT_EMIT_LOC_STRINGS = YES;
				SWIFT_VERSION = 5.0;
				TARGETED_DEVICE_FAMILY = 1;
			};
			name = Debug;
		};
		A1B2C3D4E5F6000000000083 /* Release */ = {
			isa = XCBuildConfiguration;
			baseConfigurationReference = A1B2C3D4E5F6000000000018 /* Release.xcconfig */;
			buildSettings = {
				ASSETCATALOG_COMPILER_APPICON_NAME = VowbaseIcon;
				ASSETCATALOG_COMPILER_GLOBAL_ACCENT_COLOR_NAME = AccentColor;
				CODE_SIGN_STYLE = Automatic;
				CODE_SIGN_ENTITLEMENTS = Vowbase/Vowbase.entitlements;
				CURRENT_PROJECT_VERSION = 1;
				ENABLE_PREVIEWS = YES;
				GENERATE_INFOPLIST_FILE = NO;
				INFOPLIST_FILE = Vowbase/Info.plist;
				IPHONEOS_DEPLOYMENT_TARGET = 18.0;
				MARKETING_VERSION = 1.0;
				PRODUCT_BUNDLE_IDENTIFIER = Mooma.Vowbase;
				PRODUCT_NAME = "$(TARGET_NAME)";
				SUPPORTED_PLATFORMS = "iphoneos iphonesimulator";
				SUPPORTS_MACCATALYST = NO;
				SUPPORTS_MAC_DESIGNED_FOR_IPHONE_IPAD = NO;
				SUPPORTS_XR_DESIGNED_FOR_IPHONE_IPAD = NO;
				SWIFT_EMIT_LOC_STRINGS = YES;
				SWIFT_VERSION = 5.0;
				TARGETED_DEVICE_FAMILY = 1;
			};
			name = Release;
		};
		A1B2C3D4E5F6000000000084 /* Debug */ = {
			isa = XCBuildConfiguration;
			buildSettings = {
				BUNDLE_LOADER = "$(TEST_HOST)";
				CODE_SIGN_STYLE = Automatic;
				CURRENT_PROJECT_VERSION = 1;
				DEVELOPMENT_TEAM = "";
				GENERATE_INFOPLIST_FILE = YES;
				IPHONEOS_DEPLOYMENT_TARGET = 18.0;
				MARKETING_VERSION = 1.0;
				PRODUCT_BUNDLE_IDENTIFIER = com.vowbase.app.tests;
				PRODUCT_NAME = "$(TARGET_NAME)";
				SWIFT_EMIT_LOC_STRINGS = NO;
				SWIFT_VERSION = 5.0;
				TARGETED_DEVICE_FAMILY = "1,2";
				TEST_HOST = "$(BUILT_PRODUCTS_DIR)/Vowbase.app/$(BUNDLE_EXECUTABLE_FOLDER_PATH)/Vowbase";
			};
			name = Debug;
		};
		A1B2C3D4E5F6000000000085 /* Release */ = {
			isa = XCBuildConfiguration;
			buildSettings = {
				BUNDLE_LOADER = "$(TEST_HOST)";
				CODE_SIGN_STYLE = Automatic;
				CURRENT_PROJECT_VERSION = 1;
				DEVELOPMENT_TEAM = "";
				GENERATE_INFOPLIST_FILE = YES;
				IPHONEOS_DEPLOYMENT_TARGET = 18.0;
				MARKETING_VERSION = 1.0;
				PRODUCT_BUNDLE_IDENTIFIER = com.vowbase.app.tests;
				PRODUCT_NAME = "$(TARGET_NAME)";
				SWIFT_EMIT_LOC_STRINGS = NO;
				SWIFT_VERSION = 5.0;
				TARGETED_DEVICE_FAMILY = "1,2";
				TEST_HOST = "$(BUILT_PRODUCTS_DIR)/Vowbase.app/$(BUNDLE_EXECUTABLE_FOLDER_PATH)/Vowbase";
			};
			name = Release;
		};
/* End XCBuildConfiguration section */

/* Begin XCConfigurationList section */
		A1B2C3D4E5F6000000000050 /* Build configuration list for PBXNativeTarget "Vowbase" */ = {
			isa = XCConfigurationList;
			buildConfigurations = (
				A1B2C3D4E5F6000000000082 /* Debug */,
				A1B2C3D4E5F6000000000083 /* Release */,
			);
			defaultConfigurationIsVisible = 0;
			defaultConfigurationName = Release;
		};
		A1B2C3D4E5F6000000000051 /* Build configuration list for PBXProject "Vowbase" */ = {
			isa = XCConfigurationList;
			buildConfigurations = (
				A1B2C3D4E5F6000000000080 /* Debug */,
				A1B2C3D4E5F6000000000081 /* Release */,
			);
			defaultConfigurationIsVisible = 0;
			defaultConfigurationName = Release;
		};
		A1B2C3D4E5F6000000000052 /* Build configuration list for PBXNativeTarget "VowbaseTests" */ = {
			isa = XCConfigurationList;
			buildConfigurations = (
				A1B2C3D4E5F6000000000084 /* Debug */,
				A1B2C3D4E5F6000000000085 /* Release */,
			);
			defaultConfigurationIsVisible = 0;
			defaultConfigurationName = Release;
		};
/* End XCConfigurationList section */

/* Begin XCRemoteSwiftPackageReference section */
		A1B2C3D4E5F60000000000B0 /* XCRemoteSwiftPackageReference "supabase-swift" */ = {
			isa = XCRemoteSwiftPackageReference;
			repositoryURL = "https://github.com/supabase/supabase-swift.git";
			requirement = {
				kind = upToNextMajorVersion;
				minimumVersion = 2.53.0;
			};
		};
/* End XCRemoteSwiftPackageReference section */

/* Begin XCSwiftPackageProductDependency section */
		A1B2C3D4E5F60000000000B1 /* Supabase */ = {
			isa = XCSwiftPackageProductDependency;
			package = A1B2C3D4E5F60000000000B0 /* XCRemoteSwiftPackageReference "supabase-swift" */;
			productName = Supabase;
		};
/* End XCSwiftPackageProductDependency section */
	};
	rootObject = A1B2C3D4E5F6000000000070 /* Project object */;
}
